
Microsoft Visual Studio Solution File, Format Version 10.00
# Visual Studio 2008
Project("{FAE04EC0-301F-11D3-BF4B-00C04F79EFBC}") = "Stereo", "Stereo.csproj", "{6BE494EC-0268-4887-B396-49B13F03FDCD}"
EndProject
Global
	GlobalSection(SolutionConfigurationPlatforms) = preSolution
		Debug|Any CPU = Debug|Any CPU
		Release|Any CPU = Release|Any CPU
	EndGlobalSection
	GlobalSection(ProjectConfigurationPlatforms) = postSolution
		{6BE494EC-0268-4887-B396-49B13F03FDCD}.Debug|Any CPU.ActiveCfg = Debug|Any CPU
		{6BE494EC-0268-4887-B396-49B13F03FDCD}.Debug|Any CPU.Build.0 = Debug|Any CPU
		{6BE494EC-0268-4887-B396-49B13F03FDCD}.Release|Any CPU.ActiveCfg = Release|Any CPU
		{6BE494EC-0268-4887-B396-49B13F03FDCD}.Release|Any CPU.Build.0 = Release|Any CPU
	EndGlobalSection
	GlobalSection(MonoDevelopProperties) = preSolution
		StartupItem = Stereo.csproj
	EndGlobalSection
EndGlobal
