
Microsoft Visual Studio Solution File, Format Version 10.00
# Visual Studio 2008
Project("{FAE04EC0-301F-11D3-BF4B-00C04F79EFBC}") = "MonoDevelop.Stereo", "MonoDevelop.Stereo.csproj", "{6BE494EC-0268-4887-B396-49B13F03FDCD}"
EndProject
Global
	GlobalSection(SolutionConfigurationPlatforms) = preSolution
		Debug|Any CPU = Debug|Any CPU
		Release|Any CPU = Release|Any CPU
	EndGlobalSection
	GlobalSection(ProjectConfigurationPlatforms) = postSolution
		{6BE494EC-0268-4887-B396-49B13F03FDCD}.Debug|Any CPU.ActiveCfg = Debug|Any CPU
		{6BE494EC-0268-4887-B396-49B13F03FDCD}.Debug|Any CPU.Build.0 = Debug|Any CPU
		{6BE494EC-0268-4887-B396-49B13F03FDCD}.Release|Any CPU.ActiveCfg = Release|Any CPU
		{6BE494EC-0268-4887-B396-49B13F03FDCD}.Release|Any CPU.Build.0 = Release|Any CPU
	EndGlobalSection
	GlobalSection(MonoDevelopProperties) = preSolution
		StartupItem = MonoDevelop.Stereo.csproj
		Policies = $0
		$0.DotNetNamingPolicy = $1
		$1.DirectoryNamespaceAssociation = None
		$1.ResourceNamePolicy = FileFormatDefault
		$0.TextStylePolicy = $2
		$2.inheritsSet = null
		$2.scope = text/x-csharp
		$0.CSharpFormattingPolicy = $3
		$3.inheritsSet = Mono
		$3.inheritsScope = text/x-csharp
		$3.scope = text/x-csharp
		$0.VersionControlPolicy = $4
		$4.inheritsSet = Mono
		$0.ChangeLogPolicy = $5
		$5.UpdateMode = None
		$5.MessageStyle = $6
		$6.LineAlign = 0
		$5.inheritsSet = Mono
		outputpath = ..\..\..\..\Program Files (x86)\MonoDevelop\AddIns\MonoDevelop.Stereo
	EndGlobalSection
EndGlobal
